
Microsoft Visual Studio Solution File, Format Version 12.00
# Visual Studio Version 17
VisualStudioVersion = 17.9.34728.123
MinimumVisualStudioVersion = 10.0.40219.1
Project("{FAE04EC0-301F-11D3-BF4B-00C04F79EFBC}") = "InterviewTable", "InterviewTable.csproj", "{7F9C0668-357D-4CF4-8AC7-11C5D5FB893C}"
EndProject
Global
	GlobalSection(SolutionConfigurationPlatforms) = preSolution
		Debug|Any CPU = Debug|Any CPU
		Release|Any CPU = Release|Any CPU
	EndGlobalSection
	GlobalSection(ProjectConfigurationPlatforms) = postSolution
		{7F9C0668-357D-4CF4-8AC7-11C5D5FB893C}.Debug|Any CPU.ActiveCfg = Debug|Any CPU
		{7F9C0668-357D-4CF4-8AC7-11C5D5FB893C}.Debug|Any CPU.Build.0 = Debug|Any CPU
		{7F9C0668-357D-4CF4-8AC7-11C5D5FB893C}.Release|Any CPU.ActiveCfg = Release|Any CPU
		{7F9C0668-357D-4CF4-8AC7-11C5D5FB893C}.Release|Any CPU.Build.0 = Release|Any CPU
	EndGlobalSection
	GlobalSection(SolutionProperties) = preSolution
		HideSolutionNode = FALSE
	EndGlobalSection
	GlobalSection(ExtensibilityGlobals) = postSolution
		SolutionGuid = {3E68E0C8-6EC8-4A7F-8B29-D9CFD630E1FA}
	EndGlobalSection
EndGlobal
